
Microsoft Visual Studio Solution File, Format Version 12.00
# Visual Studio 14
VisualStudioVersion = 14.0.24720.0
MinimumVisualStudioVersion = 10.0.40219.1
Project("{FAE04EC0-301F-11D3-BF4B-00C04F79EFBC}") = "ContactServiceAPI", "ContactServiceAPI\ContactServiceAPI.csproj", "{3B5C95D6-A8A5-4908-97B6-762EA36A0576}"
EndProject
Project("{FAE04EC0-301F-11D3-BF4B-00C04F79EFBC}") = "API_Contacts", "API_Contacts\API_Contacts.csproj", "{0665AF4A-0B2A-4257-BD6D-DD6E7DE7200C}"
EndProject
Project("{FAE04EC0-301F-11D3-BF4B-00C04F79EFBC}") = "Contact.Model", "Contact.Model\Contact.Model.csproj", "{EF2DFD38-6A43-4E87-9007-0EF96A081C82}"
EndProject
Project("{FAE04EC0-301F-11D3-BF4B-00C04F79EFBC}") = "Contact.DAL", "Contact.DAL\Contact.DAL.csproj", "{77A5489B-03C1-439B-ADF3-E4EC6913F180}"
EndProject
Global
	GlobalSection(SolutionConfigurationPlatforms) = preSolution
		Debug|Any CPU = Debug|Any CPU
		Release|Any CPU = Release|Any CPU
	EndGlobalSection
	GlobalSection(ProjectConfigurationPlatforms) = postSolution
		{3B5C95D6-A8A5-4908-97B6-762EA36A0576}.Debug|Any CPU.ActiveCfg = Debug|Any CPU
		{3B5C95D6-A8A5-4908-97B6-762EA36A0576}.Debug|Any CPU.Build.0 = Debug|Any CPU
		{3B5C95D6-A8A5-4908-97B6-762EA36A0576}.Release|Any CPU.ActiveCfg = Release|Any CPU
		{3B5C95D6-A8A5-4908-97B6-762EA36A0576}.Release|Any CPU.Build.0 = Release|Any CPU
		{0665AF4A-0B2A-4257-BD6D-DD6E7DE7200C}.Debug|Any CPU.ActiveCfg = Debug|Any CPU
		{0665AF4A-0B2A-4257-BD6D-DD6E7DE7200C}.Debug|Any CPU.Build.0 = Debug|Any CPU
		{0665AF4A-0B2A-4257-BD6D-DD6E7DE7200C}.Release|Any CPU.ActiveCfg = Release|Any CPU
		{0665AF4A-0B2A-4257-BD6D-DD6E7DE7200C}.Release|Any CPU.Build.0 = Release|Any CPU
		{EF2DFD38-6A43-4E87-9007-0EF96A081C82}.Debug|Any CPU.ActiveCfg = Debug|Any CPU
		{EF2DFD38-6A43-4E87-9007-0EF96A081C82}.Debug|Any CPU.Build.0 = Debug|Any CPU
		{EF2DFD38-6A43-4E87-9007-0EF96A081C82}.Release|Any CPU.ActiveCfg = Release|Any CPU
		{EF2DFD38-6A43-4E87-9007-0EF96A081C82}.Release|Any CPU.Build.0 = Release|Any CPU
		{77A5489B-03C1-439B-ADF3-E4EC6913F180}.Debug|Any CPU.ActiveCfg = Debug|Any CPU
		{77A5489B-03C1-439B-ADF3-E4EC6913F180}.Debug|Any CPU.Build.0 = Debug|Any CPU
		{77A5489B-03C1-439B-ADF3-E4EC6913F180}.Release|Any CPU.ActiveCfg = Release|Any CPU
		{77A5489B-03C1-439B-ADF3-E4EC6913F180}.Release|Any CPU.Build.0 = Release|Any CPU
	EndGlobalSection
	GlobalSection(SolutionProperties) = preSolution
		HideSolutionNode = FALSE
	EndGlobalSection
EndGlobal
